// !$*UTF8*$!
{
	archiveVersion = 1;
	classes = {
	};
	objectVersion = 50;
	objects = {

/* Begin PBXBuildFile section */
		3E49A40C2244E4C300D261B2 /* AppDelegate.swift in Sources */ = {isa = PBXBuildFile; fileRef = 3E49A40B2244E4C300D261B2 /* AppDelegate.swift */; };
		3E49A40E2244E4C300D261B2 /* ViewController.swift in Sources */ = {isa = PBXBuildFile; fileRef = 3E49A40D2244E4C300D261B2 /* ViewController.swift */; };
		3E49A4112244E4C300D261B2 /* Main.storyboard in Resources */ = {isa = PBXBuildFile; fileRef = 3E49A40F2244E4C300D261B2 /* Main.storyboard */; };
		3E49A4132244E4C400D261B2 /* Assets.xcassets in Resources */ = {isa = PBXBuildFile; fileRef = 3E49A4122244E4C400D261B2 /* Assets.xcassets */; };
		3E49A4162244E4C400D261B2 /* LaunchScreen.storyboard in Resources */ = {isa = PBXBuildFile; fileRef = 3E49A4142244E4C400D261B2 /* LaunchScreen.storyboard */; };
		3E49A4212244E4C400D261B2 /* LHQBlankViewDemoTests.swift in Sources */ = {isa = PBXBuildFile; fileRef = 3E49A4202244E4C400D261B2 /* LHQBlankViewDemoTests.swift */; };
		3E49A42C2244E4C400D261B2 /* LHQBlankViewDemoUITests.swift in Sources */ = {isa = PBXBuildFile; fileRef = 3E49A42B2244E4C400D261B2 /* LHQBlankViewDemoUITests.swift */; };
/* End PBXBuildFile section */

/* Begin PBXContainerItemProxy section */
		3E49A41D2244E4C400D261B2 /* PBXContainerItemProxy */ = {
			isa = PBXContainerItemProxy;
			containerPortal = 3E49A4002244E4C300D261B2 /* Project object */;
			proxyType = 1;
			remoteGlobalIDString = 3E49A4072244E4C300D261B2;
			remoteInfo = LHQBlankViewDemo;
		};
		3E49A4282244E4C400D261B2 /* PBXContainerItemProxy */ = {
			isa = PBXContainerItemProxy;
			containerPortal = 3E49A4002244E4C300D261B2 /* Project object */;
			proxyType = 1;
			remoteGlobalIDString = 3E49A4072244E4C300D261B2;
			remoteInfo = LHQBlankViewDemo;
		};
/* End PBXContainerItemProxy section */

/* Begin PBXFileReference section */
		3E49A4082244E4C300D261B2 /* LHQBlankViewDemo.app */ = {isa = PBXFileReference; explicitFileType = wrapper.application; includeInIndex = 0; path = LHQBlankViewDemo.app; sourceTree = BUILT_PRODUCTS_DIR; };
		3E49A40B2244E4C300D261B2 /* AppDelegate.swift */ = {isa = PBXFileReference; lastKnownFileType = sourcecode.swift; path = AppDelegate.swift; sourceTree = "<group>"; };
		3E49A40D2244E4C300D261B2 /* ViewController.swift */ = {isa = PBXFileReference; lastKnownFileType = sourcecode.swift; path = ViewController.swift; sourceTree = "<group>"; };
		3E49A4102244E4C300D261B2 /* Base */ = {isa = PBXFileReference; lastKnownFileType = file.storyboard; name = Base; path = Base.lproj/Main.storyboard; sourceTree = "<group>"; };
		3E49A4122244E4C400D261B2 /* Assets.xcassets */ = {isa = PBXFileReference; lastKnownFileType = folder.assetcatalog; path = Assets.xcassets; sourceTree = "<group>"; };
		3E49A4152244E4C400D261B2 /* Base */ = {isa = PBXFileReference; lastKnownFileType = file.storyboard; name = Base; path = Base.lproj/LaunchScreen.storyboard; sourceTree = "<group>"; };
		3E49A4172244E4C400D261B2 /* Info.plist */ = {isa = PBXFileReference; lastKnownFileType = text.plist.xml; path = Info.plist; sourceTree = "<group>"; };
		3E49A41C2244E4C400D261B2 /* LHQBlankViewDemoTests.xctest */ = {isa = PBXFileReference; explicitFileType = wrapper.cfbundle; includeInIndex = 0; path = LHQBlankViewDemoTests.xctest; sourceTree = BUILT_PRODUCTS_DIR; };
		3E49A4202244E4C400D261B2 /* LHQBlankViewDemoTests.swift */ = {isa = PBXFileReference; lastKnownFileType = sourcecode.swift; path = LHQBlankViewDemoTests.swift; sourceTree = "<group>"; };
		3E49A4222244E4C400D261B2 /* Info.plist */ = {isa = PBXFileReference; lastKnownFileType = text.plist.xml; path = Info.plist; sourceTree = "<group>"; };
		3E49A4272244E4C400D261B2 /* LHQBlankViewDemoUITests.xctest */ = {isa = PBXFileReference; explicitFileType = wrapper.cfbundle; includeInIndex = 0; path = LHQBlankViewDemoUITests.xctest; sourceTree = BUILT_PRODUCTS_DIR; };
		3E49A42B2244E4C400D261B2 /* LHQBlankViewDemoUITests.swift */ = {isa = PBXFileReference; lastKnownFileType = sourcecode.swift; path = LHQBlankViewDemoUITests.swift; sourceTree = "<group>"; };
		3E49A42D2244E4C400D261B2 /* Info.plist */ = {isa = PBXFileReference; lastKnownFileType = text.plist.xml; path = Info.plist; sourceTree = "<group>"; };
/* End PBXFileReference section */

/* Begin PBXFrameworksBuildPhase section */
		3E49A4052244E4C300D261B2 /* Frameworks */ = {
			isa = PBXFrameworksBuildPhase;
			buildActionMask = 2147483647;
			files = (
			);
			runOnlyForDeploymentPostprocessing = 0;
		};
		3E49A4192244E4C400D261B2 /* Frameworks */ = {
			isa = PBXFrameworksBuildPhase;
			buildActionMask = 2147483647;
			files = (
			);
			runOnlyForDeploymentPostprocessing = 0;
		};
		3E49A4242244E4C400D261B2 /* Frameworks */ = {
			isa = PBXFrameworksBuildPhase;
			buildActionMask = 2147483647;
			files = (
			);
			runOnlyForDeploymentPostprocessing = 0;
		};
/* End PBXFrameworksBuildPhase section */

/* Begin PBXGroup section */
		3E49A3FF2244E4C300D261B2 = {
			isa = PBXGroup;
			children = (
				3E49A40A2244E4C300D261B2 /* LHQBlankViewDemo */,
				3E49A41F2244E4C400D261B2 /* LHQBlankViewDemoTests */,
				3E49A42A2244E4C400D261B2 /* LHQBlankViewDemoUITests */,
				3E49A4092244E4C300D261B2 /* Products */,
			);
			sourceTree = "<group>";
		};
		3E49A4092244E4C300D261B2 /* Products */ = {
			isa = PBXGroup;
			children = (
				3E49A4082244E4C300D261B2 /* LHQBlankViewDemo.app */,
				3E49A41C2244E4C400D261B2 /* LHQBlankViewDemoTests.xctest */,
				3E49A4272244E4C400D261B2 /* LHQBlankViewDemoUITests.xctest */,
			);
			name = Products;
			sourceTree = "<group>";
		};
		3E49A40A2244E4C300D261B2 /* LHQBlankViewDemo */ = {
			isa = PBXGroup;
			children = (
				3E49A40B2244E4C300D261B2 /* AppDelegate.swift */,
				3E49A40D2244E4C300D261B2 /* ViewController.swift */,
				3E49A40F2244E4C300D261B2 /* Main.storyboard */,
				3E49A4122244E4C400D261B2 /* Assets.xcassets */,
				3E49A4142244E4C400D261B2 /* LaunchScreen.storyboard */,
				3E49A4172244E4C400D261B2 /* Info.plist */,
			);
			path = LHQBlankViewDemo;
			sourceTree = "<group>";
		};
		3E49A41F2244E4C400D261B2 /* LHQBlankViewDemoTests */ = {
			isa = PBXGroup;
			children = (
				3E49A4202244E4C400D261B2 /* LHQBlankViewDemoTests.swift */,
				3E49A4222244E4C400D261B2 /* Info.plist */,
			);
			path = LHQBlankViewDemoTests;
			sourceTree = "<group>";
		};
		3E49A42A2244E4C400D261B2 /* LHQBlankViewDemoUITests */ = {
			isa = PBXGroup;
			children = (
				3E49A42B2244E4C400D261B2 /* LHQBlankViewDemoUITests.swift */,
				3E49A42D2244E4C400D261B2 /* Info.plist */,
			);
			path = LHQBlankViewDemoUITests;
			sourceTree = "<group>";
		};
/* End PBXGroup section */

/* Begin PBXNativeTarget section */
		3E49A4072244E4C300D261B2 /* LHQBlankViewDemo */ = {
			isa = PBXNativeTarget;
			buildConfigurationList = 3E49A4302244E4C400D261B2 /* Build configuration list for PBXNativeTarget "LHQBlankViewDemo" */;
			buildPhases = (
				3E49A4042244E4C300D261B2 /* Sources */,
				3E49A4052244E4C300D261B2 /* Frameworks */,
				3E49A4062244E4C300D261B2 /* Resources */,
			);
			buildRules = (
			);
			dependencies = (
			);
			name = LHQBlankViewDemo;
			productName = LHQBlankViewDemo;
			productReference = 3E49A4082244E4C300D261B2 /* LHQBlankViewDemo.app */;
			productType = "com.apple.product-type.application";
		};
		3E49A41B2244E4C400D261B2 /* LHQBlankViewDemoTests */ = {
			isa = PBXNativeTarget;
			buildConfigurationList = 3E49A4332244E4C400D261B2 /* Build configuration list for PBXNativeTarget "LHQBlankViewDemoTests" */;
			buildPhases = (
				3E49A4182244E4C400D261B2 /* Sources */,
				3E49A4192244E4C400D261B2 /* Frameworks */,
				3E49A41A2244E4C400D261B2 /* Resources */,
			);
			buildRules = (
			);
			dependencies = (
				3E49A41E2244E4C400D261B2 /* PBXTargetDependency */,
			);
			name = LHQBlankViewDemoTests;
			productName = LHQBlankViewDemoTests;
			productReference = 3E49A41C2244E4C400D261B2 /* LHQBlankViewDemoTests.xctest */;
			productType = "com.apple.product-type.bundle.unit-test";
		};
		3E49A4262244E4C400D261B2 /* LHQBlankViewDemoUITests */ = {
			isa = PBXNativeTarget;
			buildConfigurationList = 3E49A4362244E4C400D261B2 /* Build configuration list for PBXNativeTarget "LHQBlankViewDemoUITests" */;
			buildPhases = (
				3E49A4232244E4C400D261B2 /* Sources */,
				3E49A4242244E4C400D261B2 /* Frameworks */,
				3E49A4252244E4C400D261B2 /* Resources */,
			);
			buildRules = (
			);
			dependencies = (
				3E49A4292244E4C400D261B2 /* PBXTargetDependency */,
			);
			name = LHQBlankViewDemoUITests;
			productName = LHQBlankViewDemoUITests;
			productReference = 3E49A4272244E4C400D261B2 /* LHQBlankViewDemoUITests.xctest */;
			productType = "com.apple.product-type.bundle.ui-testing";
		};
/* End PBXNativeTarget section */

/* Begin PBXProject section */
		3E49A4002244E4C300D261B2 /* Project object */ = {
			isa = PBXProject;
			attributes = {
				LastSwiftUpdateCheck = 1010;
				LastUpgradeCheck = 1010;
				ORGANIZATIONNAME = linhuaqin;
				TargetAttributes = {
					3E49A4072244E4C300D261B2 = {
						CreatedOnToolsVersion = 10.1;
					};
					3E49A41B2244E4C400D261B2 = {
						CreatedOnToolsVersion = 10.1;
						TestTargetID = 3E49A4072244E4C300D261B2;
					};
					3E49A4262244E4C400D261B2 = {
						CreatedOnToolsVersion = 10.1;
						TestTargetID = 3E49A4072244E4C300D261B2;
					};
				};
			};
			buildConfigurationList = 3E49A4032244E4C300D261B2 /* Build configuration list for PBXProject "LHQBlankViewDemo" */;
			compatibilityVersion = "Xcode 9.3";
			developmentRegion = en;
			hasScannedForEncodings = 0;
			knownRegions = (
				en,
				Base,
			);
			mainGroup = 3E49A3FF2244E4C300D261B2;
			productRefGroup = 3E49A4092244E4C300D261B2 /* Products */;
			projectDirPath = "";
			projectRoot = "";
			targets = (
				3E49A4072244E4C300D261B2 /* LHQBlankViewDemo */,
				3E49A41B2244E4C400D261B2 /* LHQBlankViewDemoTests */,
				3E49A4262244E4C400D261B2 /* LHQBlankViewDemoUITests */,
			);
		};
/* End PBXProject section */

/* Begin PBXResourcesBuildPhase section */
		3E49A4062244E4C300D261B2 /* Resources */ = {
			isa = PBXResourcesBuildPhase;
			buildActionMask = 2147483647;
			files = (
				3E49A4162244E4C400D261B2 /* LaunchScreen.storyboard in Resources */,
				3E49A4132244E4C400D261B2 /* Assets.xcassets in Resources */,
				3E49A4112244E4C300D261B2 /* Main.storyboard in Resources */,
			);
			runOnlyForDeploymentPostprocessing = 0;
		};
		3E49A41A2244E4C400D261B2 /* Resources */ = {
			isa = PBXResourcesBuildPhase;
			buildActionMask = 2147483647;
			files = (
			);
			runOnlyForDeploymentPostprocessing = 0;
		};
		3E49A4252244E4C400D261B2 /* Resources */ = {
			isa = PBXResourcesBuildPhase;
			buildActionMask = 2147483647;
			files = (
			);
			runOnlyForDeploymentPostprocessing = 0;
		};
/* End PBXResourcesBuildPhase section */

/* Begin PBXSourcesBuildPhase section */
		3E49A4042244E4C300D261B2 /* Sources */ = {
			isa = PBXSourcesBuildPhase;
			buildActionMask = 2147483647;
			files = (
				3E49A40E2244E4C300D261B2 /* ViewController.swift in Sources */,
				3E49A40C2244E4C300D261B2 /* AppDelegate.swift in Sources */,
			);
			runOnlyForDeploymentPostprocessing = 0;
		};
		3E49A4182244E4C400D261B2 /* Sources */ = {
			isa = PBXSourcesBuildPhase;
			buildActionMask = 2147483647;
			files = (
				3E49A4212244E4C400D261B2 /* LHQBlankViewDemoTests.swift in Sources */,
			);
			runOnlyForDeploymentPostprocessing = 0;
		};
		3E49A4232244E4C400D261B2 /* Sources */ = {
			isa = PBXSourcesBuildPhase;
			buildActionMask = 2147483647;
			files = (
				3E49A42C2244E4C400D261B2 /* LHQBlankViewDemoUITests.swift in Sources */,
			);
			runOnlyForDeploymentPostprocessing = 0;
		};
/* End PBXSourcesBuildPhase section */

/* Begin PBXTargetDependency section */
		3E49A41E2244E4C400D261B2 /* PBXTargetDependency */ = {
			isa = PBXTargetDependency;
			target = 3E49A4072244E4C300D261B2 /* LHQBlankViewDemo */;
			targetProxy = 3E49A41D2244E4C400D261B2 /* PBXContainerItemProxy */;
		};
		3E49A4292244E4C400D261B2 /* PBXTargetDependency */ = {
			isa = PBXTargetDependency;
			target = 3E49A4072244E4C300D261B2 /* LHQBlankViewDemo */;
			targetProxy = 3E49A4282244E4C400D261B2 /* PBXContainerItemProxy */;
		};
/* End PBXTargetDependency section */

/* Begin PBXVariantGroup section */
		3E49A40F2244E4C300D261B2 /* Main.storyboard */ = {
			isa = PBXVariantGroup;
			children = (
				3E49A4102244E4C300D261B2 /* Base */,
			);
			name = Main.storyboard;
			sourceTree = "<group>";
		};
		3E49A4142244E4C400D261B2 /* LaunchScreen.storyboard */ = {
			isa = PBXVariantGroup;
			children = (
				3E49A4152244E4C400D261B2 /* Base */,
			);
			name = LaunchScreen.storyboard;
			sourceTree = "<group>";
		};
/* End PBXVariantGroup section */

/* Begin XCBuildConfiguration section */
		3E49A42E2244E4C400D261B2 /* Debug */ = {
			isa = XCBuildConfiguration;
			buildSettings = {
				ALWAYS_SEARCH_USER_PATHS = NO;
				CLANG_ANALYZER_NONNULL = YES;
				CLANG_ANALYZER_NUMBER_OBJECT_CONVERSION = YES_AGGRESSIVE;
				CLANG_CXX_LANGUAGE_STANDARD = "gnu++14";
				CLANG_CXX_LIBRARY = "libc++";
				CLANG_ENABLE_MODULES = YES;
				CLANG_ENABLE_OBJC_ARC = YES;
				CLANG_ENABLE_OBJC_WEAK = YES;
				CLANG_WARN_BLOCK_CAPTURE_AUTORELEASING = YES;
				CLANG_WARN_BOOL_CONVERSION = YES;
				CLANG_WARN_COMMA = YES;
				CLANG_WARN_CONSTANT_CONVERSION = YES;
				CLANG_WARN_DEPRECATED_OBJC_IMPLEMENTATIONS = YES;
				CLANG_WARN_DIRECT_OBJC_ISA_USAGE = YES_ERROR;
				CLANG_WARN_DOCUMENTATION_COMMENTS = YES;
				CLANG_WARN_EMPTY_BODY = YES;
				CLANG_WARN_ENUM_CONVERSION = YES;
				CLANG_WARN_INFINITE_RECURSION = YES;
				CLANG_WARN_INT_CONVERSION = YES;
				CLANG_WARN_NON_LITERAL_NULL_CONVERSION = YES;
				CLANG_WARN_OBJC_IMPLICIT_RETAIN_SELF = YES;
				CLANG_WARN_OBJC_LITERAL_CONVERSION = YES;
				CLANG_WARN_OBJC_ROOT_CLASS = YES_ERROR;
				CLANG_WARN_RANGE_LOOP_ANALYSIS = YES;
				CLANG_WARN_STRICT_PROTOTYPES = YES;
				CLANG_WARN_SUSPICIOUS_MOVE = YES;
				CLANG_WARN_UNGUARDED_AVAILABILITY = YES_AGGRESSIVE;
				CLANG_WARN_UNREACHABLE_CODE = YES;
				CLANG_WARN__DUPLICATE_METHOD_MATCH = YES;
				CODE_SIGN_IDENTITY = "iPhone Developer";
				COPY_PHASE_STRIP = NO;
				DEBUG_INFORMATION_FORMAT = dwarf;
				ENABLE_STRICT_OBJC_MSGSEND = YES;
				ENABLE_TESTABILITY = YES;
				GCC_C_LANGUAGE_STANDARD = gnu11;
				GCC_DYNAMIC_NO_PIC = NO;
				GCC_NO_COMMON_BLOCKS = YES;
				GCC_OPTIMIZATION_LEVEL = 0;
				GCC_PREPROCESSOR_DEFINITIONS = (
					"DEBUG=1",
					"$(inherited)",
				);
				GCC_WARN_64_TO_32_BIT_CONVERSION = YES;
				GCC_WARN_ABOUT_RETURN_TYPE = YES_ERROR;
				GCC_WARN_UNDECLARED_SELECTOR = YES;
				GCC_WARN_UNINITIALIZED_AUTOS = YES_AGGRESSIVE;
				GCC_WARN_UNUSED_FUNCTION = YES;
				GCC_WARN_UNUSED_VARIABLE = YES;
				IPHONEOS_DEPLOYMENT_TARGET = 12.1;
				MTL_ENABLE_DEBUG_INFO = INCLUDE_SOURCE;
				MTL_FAST_MATH = YES;
				ONLY_ACTIVE_ARCH = YES;
				SDKROOT = iphoneos;
				SWIFT_ACTIVE_COMPILATION_CONDITIONS = DEBUG;
				SWIFT_OPTIMIZATION_LEVEL = "-Onone";
			};
			name = Debug;
		};
		3E49A42F2244E4C400D261B2 /* Release */ = {
			isa = XCBuildConfiguration;
			buildSettings = {
				ALWAYS_SEARCH_USER_PATHS = NO;
				CLANG_ANALYZER_NONNULL = YES;
				CLANG_ANALYZER_NUMBER_OBJECT_CONVERSION = YES_AGGRESSIVE;
				CLANG_CXX_LANGUAGE_STANDARD = "gnu++14";
				CLANG_CXX_LIBRARY = "libc++";
				CLANG_ENABLE_MODULES = YES;
				CLANG_ENABLE_OBJC_ARC = YES;
				CLANG_ENABLE_OBJC_WEAK = YES;
				CLANG_WARN_BLOCK_CAPTURE_AUTORELEASING = YES;
				CLANG_WARN_BOOL_CONVERSION = YES;
				CLANG_WARN_COMMA = YES;
				CLANG_WARN_CONSTANT_CONVERSION = YES;
				CLANG_WARN_DEPRECATED_OBJC_IMPLEMENTATIONS = YES;
				CLANG_WARN_DIRECT_OBJC_ISA_USAGE = YES_ERROR;
				CLANG_WARN_DOCUMENTATION_COMMENTS = YES;
				CLANG_WARN_EMPTY_BODY = YES;
				CLANG_WARN_ENUM_CONVERSION = YES;
				CLANG_WARN_INFINITE_RECURSION = YES;
				CLANG_WARN_INT_CONVERSION = YES;
				CLANG_WARN_NON_LITERAL_NULL_CONVERSION = YES;
				CLANG_WARN_OBJC_IMPLICIT_RETAIN_SELF = YES;
				CLANG_WARN_OBJC_LITERAL_CONVERSION = YES;
				CLANG_WARN_OBJC_ROOT_CLASS = YES_ERROR;
				CLANG_WARN_RANGE_LOOP_ANALYSIS = YES;
				CLANG_WARN_STRICT_PROTOTYPES = YES;
				CLANG_WARN_SUSPICIOUS_MOVE = YES;
				CLANG_WARN_UNGUARDED_AVAILABILITY = YES_AGGRESSIVE;
				CLANG_WARN_UNREACHABLE_CODE = YES;
				CLANG_WARN__DUPLICATE_METHOD_MATCH = YES;
				CODE_SIGN_IDENTITY = "iPhone Developer";
				COPY_PHASE_STRIP = NO;
				DEBUG_INFORMATION_FORMAT = "dwarf-with-dsym";
				ENABLE_NS_ASSERTIONS = NO;
				ENABLE_STRICT_OBJC_MSGSEND = YES;
				GCC_C_LANGUAGE_STANDARD = gnu11;
				GCC_NO_COMMON_BLOCKS = YES;
				GCC_WARN_64_TO_32_BIT_CONVERSION = YES;
				GCC_WARN_ABOUT_RETURN_TYPE = YES_ERROR;
				GCC_WARN_UNDECLARED_SELECTOR = YES;
				GCC_WARN_UNINITIALIZED_AUTOS = YES_AGGRESSIVE;
				GCC_WARN_UNUSED_FUNCTION = YES;
				GCC_WARN_UNUSED_VARIABLE = YES;
				IPHONEOS_DEPLOYMENT_TARGET = 12.1;
				MTL_ENABLE_DEBUG_INFO = NO;
				MTL_FAST_MATH = YES;
				SDKROOT = iphoneos;
				SWIFT_COMPILATION_MODE = wholemodule;
				SWIFT_OPTIMIZATION_LEVEL = "-O";
				VALIDATE_PRODUCT = YES;
			};
			name = Release;
		};
		3E49A4312244E4C400D261B2 /* Debug */ = {
			isa = XCBuildConfiguration;
			buildSettings = {
				ASSETCATALOG_COMPILER_APPICON_NAME = AppIcon;
				CODE_SIGN_STYLE = Automatic;
				INFOPLIST_FILE = LHQBlankViewDemo/Info.plist;
				LD_RUNPATH_SEARCH_PATHS = (
					"$(inherited)",
					"@executable_path/Frameworks",
				);
				PRODUCT_BUNDLE_IDENTIFIER = linhuaqin.LHQBlankViewDemo;
				PRODUCT_NAME = "$(TARGET_NAME)";
				SWIFT_VERSION = 4.2;
				TARGETED_DEVICE_FAMILY = "1,2";
			};
			name = Debug;
		};
		3E49A4322244E4C400D261B2 /* Release */ = {
			isa = XCBuildConfiguration;
			buildSettings = {
				ASSETCATALOG_COMPILER_APPICON_NAME = AppIcon;
				CODE_SIGN_STYLE = Automatic;
				INFOPLIST_FILE = LHQBlankViewDemo/Info.plist;
				LD_RUNPATH_SEARCH_PATHS = (
					"$(inherited)",
					"@executable_path/Frameworks",
				);
				PRODUCT_BUNDLE_IDENTIFIER = linhuaqin.LHQBlankViewDemo;
				PRODUCT_NAME = "$(TARGET_NAME)";
				SWIFT_VERSION = 4.2;
				TARGETED_DEVICE_FAMILY = "1,2";
			};
			name = Release;
		};
		3E49A4342244E4C400D261B2 /* Debug */ = {
			isa = XCBuildConfiguration;
			buildSettings = {
				ALWAYS_EMBED_SWIFT_STANDARD_LIBRARIES = YES;
				BUNDLE_LOADER = "$(TEST_HOST)";
				CODE_SIGN_STYLE = Automatic;
				INFOPLIST_FILE = LHQBlankViewDemoTests/Info.plist;
				LD_RUNPATH_SEARCH_PATHS = (
					"$(inherited)",
					"@executable_path/Frameworks",
					"@loader_path/Frameworks",
				);
				PRODUCT_BUNDLE_IDENTIFIER = linhuaqin.LHQBlankViewDemoTests;
				PRODUCT_NAME = "$(TARGET_NAME)";
				SWIFT_VERSION = 4.2;
				TARGETED_DEVICE_FAMILY = "1,2";
				TEST_HOST = "$(BUILT_PRODUCTS_DIR)/LHQBlankViewDemo.app/LHQBlankViewDemo";
			};
			name = Debug;
		};
		3E49A4352244E4C400D261B2 /* Release */ = {
			isa = XCBuildConfiguration;
			buildSettings = {
				ALWAYS_EMBED_SWIFT_STANDARD_LIBRARIES = YES;
				BUNDLE_LOADER = "$(TEST_HOST)";
				CODE_SIGN_STYLE = Automatic;
				INFOPLIST_FILE = LHQBlankViewDemoTests/Info.plist;
				LD_RUNPATH_SEARCH_PATHS = (
					"$(inherited)",
					"@executable_path/Frameworks",
					"@loader_path/Frameworks",
				);
				PRODUCT_BUNDLE_IDENTIFIER = linhuaqin.LHQBlankViewDemoTests;
				PRODUCT_NAME = "$(TARGET_NAME)";
				SWIFT_VERSION = 4.2;
				TARGETED_DEVICE_FAMILY = "1,2";
				TEST_HOST = "$(BUILT_PRODUCTS_DIR)/LHQBlankViewDemo.app/LHQBlankViewDemo";
			};
			name = Release;
		};
		3E49A4372244E4C400D261B2 /* Debug */ = {
			isa = XCBuildConfiguration;
			buildSettings = {
				ALWAYS_EMBED_SWIFT_STANDARD_LIBRARIES = YES;
				CODE_SIGN_STYLE = Automatic;
				INFOPLIST_FILE = LHQBlankViewDemoUITests/Info.plist;
				LD_RUNPATH_SEARCH_PATHS = (
					"$(inherited)",
					"@executable_path/Frameworks",
					"@loader_path/Frameworks",
				);
				PRODUCT_BUNDLE_IDENTIFIER = linhuaqin.LHQBlankViewDemoUITests;
				PRODUCT_NAME = "$(TARGET_NAME)";
				SWIFT_VERSION = 4.2;
				TARGETED_DEVICE_FAMILY = "1,2";
				TEST_TARGET_NAME = LHQBlankViewDemo;
			};
			name = Debug;
		};
		3E49A4382244E4C400D261B2 /* Release */ = {
			isa = XCBuildConfiguration;
			buildSettings = {
				ALWAYS_EMBED_SWIFT_STANDARD_LIBRARIES = YES;
				CODE_SIGN_STYLE = Automatic;
				INFOPLIST_FILE = LHQBlankViewDemoUITests/Info.plist;
				LD_RUNPATH_SEARCH_PATHS = (
					"$(inherited)",
					"@executable_path/Frameworks",
					"@loader_path/Frameworks",
				);
				PRODUCT_BUNDLE_IDENTIFIER = linhuaqin.LHQBlankViewDemoUITests;
				PRODUCT_NAME = "$(TARGET_NAME)";
				SWIFT_VERSION = 4.2;
				TARGETED_DEVICE_FAMILY = "1,2";
				TEST_TARGET_NAME = LHQBlankViewDemo;
			};
			name = Release;
		};
/* End XCBuildConfiguration section */

/* Begin XCConfigurationList section */
		3E49A4032244E4C300D261B2 /* Build configuration list for PBXProject "LHQBlankViewDemo" */ = {
			isa = XCConfigurationList;
			buildConfigurations = (
				3E49A42E2244E4C400D261B2 /* Debug */,
				3E49A42F2244E4C400D261B2 /* Release */,
			);
			defaultConfigurationIsVisible = 0;
			defaultConfigurationName = Release;
		};
		3E49A4302244E4C400D261B2 /* Build configuration list for PBXNativeTarget "LHQBlankViewDemo" */ = {
			isa = XCConfigurationList;
			buildConfigurations = (
				3E49A4312244E4C400D261B2 /* Debug */,
				3E49A4322244E4C400D261B2 /* Release */,
			);
			defaultConfigurationIsVisible = 0;
			defaultConfigurationName = Release;
		};
		3E49A4332244E4C400D261B2 /* Build configuration list for PBXNativeTarget "LHQBlankViewDemoTests" */ = {
			isa = XCConfigurationList;
			buildConfigurations = (
				3E49A4342244E4C400D261B2 /* Debug */,
				3E49A4352244E4C400D261B2 /* Release */,
			);
			defaultConfigurationIsVisible = 0;
			defaultConfigurationName = Release;
		};
		3E49A4362244E4C400D261B2 /* Build configuration list for PBXNativeTarget "LHQBlankViewDemoUITests" */ = {
			isa = XCConfigurationList;
			buildConfigurations = (
				3E49A4372244E4C400D261B2 /* Debug */,
				3E49A4382244E4C400D261B2 /* Release */,
			);
			defaultConfigurationIsVisible = 0;
			defaultConfigurationName = Release;
		};
/* End XCConfigurationList section */
	};
	rootObject = 3E49A4002244E4C300D261B2 /* Project object */;
}
